
Microsoft Visual Studio Solution File, Format Version 12.00
# Visual Studio Version 17
VisualStudioVersion = 17.11.35327.3
MinimumVisualStudioVersion = 10.0.40219.1
Project("{8BC9CEB8-8B4A-11D0-8D11-00A0C91BC942}") = "Ex4", "..\Ex4\Ex4.vcxproj", "{F0E5E809-A5E1-4EEC-AFCE-32C40C915866}"
EndProject
Project("{8BC9CEB8-8B4A-11D0-8D11-00A0C91BC942}") = "Ex5", "..\Ex5\Ex5.vcxproj", "{47636AFE-33F1-48E9-B061-CAF2FED67D51}"
EndProject
Global
	GlobalSection(SolutionConfigurationPlatforms) = preSolution
		Debug|x64 = Debug|x64
		Debug|x86 = Debug|x86
		Release|x64 = Release|x64
		Release|x86 = Release|x86
	EndGlobalSection
	GlobalSection(ProjectConfigurationPlatforms) = postSolution
		{F0E5E809-A5E1-4EEC-AFCE-32C40C915866}.Debug|x64.ActiveCfg = Debug|x64
		{F0E5E809-A5E1-4EEC-AFCE-32C40C915866}.Debug|x64.Build.0 = Debug|x64
		{F0E5E809-A5E1-4EEC-AFCE-32C40C915866}.Debug|x86.ActiveCfg = Debug|Win32
		{F0E5E809-A5E1-4EEC-AFCE-32C40C915866}.Debug|x86.Build.0 = Debug|Win32
		{F0E5E809-A5E1-4EEC-AFCE-32C40C915866}.Release|x64.ActiveCfg = Release|x64
		{F0E5E809-A5E1-4EEC-AFCE-32C40C915866}.Release|x64.Build.0 = Release|x64
		{F0E5E809-A5E1-4EEC-AFCE-32C40C915866}.Release|x86.ActiveCfg = Release|Win32
		{F0E5E809-A5E1-4EEC-AFCE-32C40C915866}.Release|x86.Build.0 = Release|Win32
		{47636AFE-33F1-48E9-B061-CAF2FED67D51}.Debug|x64.ActiveCfg = Debug|x64
		{47636AFE-33F1-48E9-B061-CAF2FED67D51}.Debug|x64.Build.0 = Debug|x64
		{47636AFE-33F1-48E9-B061-CAF2FED67D51}.Debug|x86.ActiveCfg = Debug|Win32
		{47636AFE-33F1-48E9-B061-CAF2FED67D51}.Debug|x86.Build.0 = Debug|Win32
		{47636AFE-33F1-48E9-B061-CAF2FED67D51}.Release|x64.ActiveCfg = Release|x64
		{47636AFE-33F1-48E9-B061-CAF2FED67D51}.Release|x64.Build.0 = Release|x64
		{47636AFE-33F1-48E9-B061-CAF2FED67D51}.Release|x86.ActiveCfg = Release|Win32
		{47636AFE-33F1-48E9-B061-CAF2FED67D51}.Release|x86.Build.0 = Release|Win32
	EndGlobalSection
	GlobalSection(SolutionProperties) = preSolution
		HideSolutionNode = FALSE
	EndGlobalSection
	GlobalSection(ExtensibilityGlobals) = postSolution
		SolutionGuid = {312958A9-C8D1-44C8-B561-4D8A8056A7EC}
	EndGlobalSection
EndGlobal
